{
  "lockfile-version": 1,
  "manifest": {
    "version": 1,
    "install": {
      "nodejs": {
        "pkg-path": "nodejs"
      }
    },
    "vars": {},
    "hook": {
      "on-activate": "  # Autogenerated by Flox\n\n  # Install nodejs depedencies\n  npm install\n\n  # End autogenerated by Flox\n"
    },
    "profile": {},
    "options": {
      "systems": [
        "aarch64-darwin",
        "aarch64-linux",
        "x86_64-darwin",
        "x86_64-linux"
      ],
      "allow": {
        "licenses": []
      },
      "semver": {}
    },
    "services": {},
    "build": {}
  },
  "packages": [
    {
      "attr_path": "nodejs",
      "broken": false,
      "derivation": "/nix/store/ph0df492h93aw404ny7wygw7phr12w1k-nodejs-22.12.0.drv",
      "description": "Event-driven I/O framework for the V8 JavaScript engine",
      "install_id": "nodejs",
      "license": "MIT",
      "locked_url": "https://github.com/flox/nixpkgs?rev=825479c345a7f806485b7f00dbe3abb50641b083",
      "name": "nodejs-22.12.0",
      "pname": "nodejs",
      "rev": "825479c345a7f806485b7f00dbe3abb50641b083",
      "rev_count": 743381,
      "rev_date": "2025-01-24T19:21:52Z",
      "scrape_date": "2025-01-26T03:27:56Z",
      "stabilities": [
        "unstable"
      ],
      "unfree": false,
      "version": "22.12.0",
      "outputs_to_install": [
        "out"
      ],
      "outputs": {
        "libv8": "/nix/store/hvpmcjbmsyknlpjjd7a8na891fv4a81i-nodejs-22.12.0-libv8",
        "out": "/nix/store/ygk01vha6k5zxgn9rsxi3k6cm2kbnwsc-nodejs-22.12.0"
      },
      "system": "aarch64-darwin",
      "group": "toplevel",
      "priority": 5
    },
    {
      "attr_path": "nodejs",
      "broken": false,
      "derivation": "/nix/store/dh2pdxgcv1sidzw0amd97mfbv91wwfkm-nodejs-22.12.0.drv",
      "description": "Event-driven I/O framework for the V8 JavaScript engine",
      "install_id": "nodejs",
      "license": "MIT",
      "locked_url": "https://github.com/flox/nixpkgs?rev=825479c345a7f806485b7f00dbe3abb50641b083",
      "name": "nodejs-22.12.0",
      "pname": "nodejs",
      "rev": "825479c345a7f806485b7f00dbe3abb50641b083",
      "rev_count": 743381,
      "rev_date": "2025-01-24T19:21:52Z",
      "scrape_date": "2025-01-26T03:27:56Z",
      "stabilities": [
        "unstable"
      ],
      "unfree": false,
      "version": "22.12.0",
      "outputs_to_install": [
        "out"
      ],
      "outputs": {
        "libv8": "/nix/store/48is8354i9qwj194id0ncczkvzvfqhim-nodejs-22.12.0-libv8",
        "out": "/nix/store/jdgrvyf5l99rzjayicxjw7i6p98r0rlb-nodejs-22.12.0"
      },
      "system": "aarch64-linux",
      "group": "toplevel",
      "priority": 5
    },
    {
      "attr_path": "nodejs",
      "broken": false,
      "derivation": "/nix/store/988jvb04086i472mmn3lvpmdcfxprxcm-nodejs-22.12.0.drv",
      "description": "Event-driven I/O framework for the V8 JavaScript engine",
      "install_id": "nodejs",
      "license": "MIT",
      "locked_url": "https://github.com/flox/nixpkgs?rev=825479c345a7f806485b7f00dbe3abb50641b083",
      "name": "nodejs-22.12.0",
      "pname": "nodejs",
      "rev": "825479c345a7f806485b7f00dbe3abb50641b083",
      "rev_count": 743381,
      "rev_date": "2025-01-24T19:21:52Z",
      "scrape_date": "2025-01-26T03:27:56Z",
      "stabilities": [
        "unstable"
      ],
      "unfree": false,
      "version": "22.12.0",
      "outputs_to_install": [
        "out"
      ],
      "outputs": {
        "libv8": "/nix/store/gvys8kz8pdw62ch2x7k25rrmcw3mqnrw-nodejs-22.12.0-libv8",
        "out": "/nix/store/6fnlali5gqihxs02adk1bdzjsya9cacp-nodejs-22.12.0"
      },
      "system": "x86_64-darwin",
      "group": "toplevel",
      "priority": 5
    },
    {
      "attr_path": "nodejs",
      "broken": false,
      "derivation": "/nix/store/gf4n659kg0yj9vkpqf3pvnkq1xv1pxaj-nodejs-22.12.0.drv",
      "description": "Event-driven I/O framework for the V8 JavaScript engine",
      "install_id": "nodejs",
      "license": "MIT",
      "locked_url": "https://github.com/flox/nixpkgs?rev=825479c345a7f806485b7f00dbe3abb50641b083",
      "name": "nodejs-22.12.0",
      "pname": "nodejs",
      "rev": "825479c345a7f806485b7f00dbe3abb50641b083",
      "rev_count": 743381,
      "rev_date": "2025-01-24T19:21:52Z",
      "scrape_date": "2025-01-26T03:27:56Z",
      "stabilities": [
        "unstable"
      ],
      "unfree": false,
      "version": "22.12.0",
      "outputs_to_install": [
        "out"
      ],
      "outputs": {
        "libv8": "/nix/store/n7x07hrc6sjhh6as6c75g15blq1c1ykh-nodejs-22.12.0-libv8",
        "out": "/nix/store/k1r91cjalyc2mzzllpv5hklhqn8wvgjr-nodejs-22.12.0"
      },
      "system": "x86_64-linux",
      "group": "toplevel",
      "priority": 5
    }
  ]
}